
Microsoft Visual Studio Solution File, Format Version 12.00
# Visual Studio Version 16
VisualStudioVersion = 16.0.32126.315
MinimumVisualStudioVersion = 10.0.40219.1
Project("{FAE04EC0-301F-11D3-BF4B-00C04F79EFBC}") = "NNCNPM_QuanLyVeMayBay", "NNCNPM_QuanLyVeMayBay.csproj", "{E660E34C-1870-4B8B-AD5C-17CA15176F80}"
EndProject
Global
	GlobalSection(SolutionConfigurationPlatforms) = preSolution
		Debug|Any CPU = Debug|Any CPU
		Release|Any CPU = Release|Any CPU
	EndGlobalSection
	GlobalSection(ProjectConfigurationPlatforms) = postSolution
		{E660E34C-1870-4B8B-AD5C-17CA15176F80}.Debug|Any CPU.ActiveCfg = Debug|Any CPU
		{E660E34C-1870-4B8B-AD5C-17CA15176F80}.Debug|Any CPU.Build.0 = Debug|Any CPU
		{E660E34C-1870-4B8B-AD5C-17CA15176F80}.Release|Any CPU.ActiveCfg = Release|Any CPU
		{E660E34C-1870-4B8B-AD5C-17CA15176F80}.Release|Any CPU.Build.0 = Release|Any CPU
	EndGlobalSection
	GlobalSection(SolutionProperties) = preSolution
		HideSolutionNode = FALSE
	EndGlobalSection
	GlobalSection(ExtensibilityGlobals) = postSolution
		SolutionGuid = {A57C26B5-FEA5-42F4-A629-C4ED3367CF11}
	EndGlobalSection
EndGlobal
